
Microsoft Visual Studio Solution File, Format Version 12.00
# Visual Studio 15
Project("{FAE04EC0-301F-11D3-BF4B-00C04F79EFBC}") = "FMODUnity", "FMODUnity.csproj", "{37A58D88-015C-5550-6130-85921161A4F2}"
EndProject
Project("{FAE04EC0-301F-11D3-BF4B-00C04F79EFBC}") = "Assembly-CSharp", "Assembly-CSharp.csproj", "{F9618595-3187-105D-65DC-297934AE12BE}"
EndProject
Project("{FAE04EC0-301F-11D3-BF4B-00C04F79EFBC}") = "FMODUnityResonance", "FMODUnityResonance.csproj", "{D229CEF3-6933-3639-FBCE-AC6D9670042D}"
EndProject
Project("{FAE04EC0-301F-11D3-BF4B-00C04F79EFBC}") = "FMODUnityEditor", "FMODUnityEditor.csproj", "{DE5A9232-A6E0-B0FB-0962-A22CE36E8C93}"
EndProject
Project("{FAE04EC0-301F-11D3-BF4B-00C04F79EFBC}") = "FMODUnityResonanceEditor", "FMODUnityResonanceEditor.csproj", "{14BAA690-BE04-038F-6D2D-9E3E0DCFBCA4}"
EndProject
Global
	GlobalSection(SolutionConfigurationPlatforms) = preSolution
		Debug|Any CPU = Debug|Any CPU
		Release|Any CPU = Release|Any CPU
	EndGlobalSection
	GlobalSection(ProjectConfigurationPlatforms) = postSolution
		{37A58D88-015C-5550-6130-85921161A4F2}.Debug|Any CPU.ActiveCfg = Debug|Any CPU
		{37A58D88-015C-5550-6130-85921161A4F2}.Debug|Any CPU.Build.0 = Debug|Any CPU
		{37A58D88-015C-5550-6130-85921161A4F2}.Release|Any CPU.ActiveCfg = Release|Any CPU
		{37A58D88-015C-5550-6130-85921161A4F2}.Release|Any CPU.Build.0 = Release|Any CPU
		{F9618595-3187-105D-65DC-297934AE12BE}.Debug|Any CPU.ActiveCfg = Debug|Any CPU
		{F9618595-3187-105D-65DC-297934AE12BE}.Debug|Any CPU.Build.0 = Debug|Any CPU
		{F9618595-3187-105D-65DC-297934AE12BE}.Release|Any CPU.ActiveCfg = Release|Any CPU
		{F9618595-3187-105D-65DC-297934AE12BE}.Release|Any CPU.Build.0 = Release|Any CPU
		{D229CEF3-6933-3639-FBCE-AC6D9670042D}.Debug|Any CPU.ActiveCfg = Debug|Any CPU
		{D229CEF3-6933-3639-FBCE-AC6D9670042D}.Debug|Any CPU.Build.0 = Debug|Any CPU
		{D229CEF3-6933-3639-FBCE-AC6D9670042D}.Release|Any CPU.ActiveCfg = Release|Any CPU
		{D229CEF3-6933-3639-FBCE-AC6D9670042D}.Release|Any CPU.Build.0 = Release|Any CPU
		{DE5A9232-A6E0-B0FB-0962-A22CE36E8C93}.Debug|Any CPU.ActiveCfg = Debug|Any CPU
		{DE5A9232-A6E0-B0FB-0962-A22CE36E8C93}.Debug|Any CPU.Build.0 = Debug|Any CPU
		{DE5A9232-A6E0-B0FB-0962-A22CE36E8C93}.Release|Any CPU.ActiveCfg = Release|Any CPU
		{DE5A9232-A6E0-B0FB-0962-A22CE36E8C93}.Release|Any CPU.Build.0 = Release|Any CPU
		{14BAA690-BE04-038F-6D2D-9E3E0DCFBCA4}.Debug|Any CPU.ActiveCfg = Debug|Any CPU
		{14BAA690-BE04-038F-6D2D-9E3E0DCFBCA4}.Debug|Any CPU.Build.0 = Debug|Any CPU
		{14BAA690-BE04-038F-6D2D-9E3E0DCFBCA4}.Release|Any CPU.ActiveCfg = Release|Any CPU
		{14BAA690-BE04-038F-6D2D-9E3E0DCFBCA4}.Release|Any CPU.Build.0 = Release|Any CPU
	EndGlobalSection
	GlobalSection(SolutionProperties) = preSolution
		HideSolutionNode = FALSE
	EndGlobalSection
EndGlobal
